
Microsoft Visual Studio Solution File, Format Version 12.00
# Visual Studio Version 16
VisualStudioVersion = 16.0.31829.152
MinimumVisualStudioVersion = 10.0.40219.1
Project("{8BC9CEB8-8B4A-11D0-8D11-00A0C91BC942}") = "PlatocosmGL", "PlatocosmGL.vcxproj", "{7CD6DDAD-F9BB-4DD0-8E6F-44EDEDEC00B8}"
EndProject
Global
	GlobalSection(SolutionConfigurationPlatforms) = preSolution
		Debug|x64 = Debug|x64
		Debug|x86 = Debug|x86
		Release|x64 = Release|x64
		Release|x86 = Release|x86
	EndGlobalSection
	GlobalSection(ProjectConfigurationPlatforms) = postSolution
		{7CD6DDAD-F9BB-4DD0-8E6F-44EDEDEC00B8}.Debug|x64.ActiveCfg = Debug|x64
		{7CD6DDAD-F9BB-4DD0-8E6F-44EDEDEC00B8}.Debug|x64.Build.0 = Debug|x64
		{7CD6DDAD-F9BB-4DD0-8E6F-44EDEDEC00B8}.Debug|x86.ActiveCfg = Debug|Win32
		{7CD6DDAD-F9BB-4DD0-8E6F-44EDEDEC00B8}.Debug|x86.Build.0 = Debug|Win32
		{7CD6DDAD-F9BB-4DD0-8E6F-44EDEDEC00B8}.Release|x64.ActiveCfg = Release|x64
		{7CD6DDAD-F9BB-4DD0-8E6F-44EDEDEC00B8}.Release|x64.Build.0 = Release|x64
		{7CD6DDAD-F9BB-4DD0-8E6F-44EDEDEC00B8}.Release|x86.ActiveCfg = Release|Win32
		{7CD6DDAD-F9BB-4DD0-8E6F-44EDEDEC00B8}.Release|x86.Build.0 = Release|Win32
	EndGlobalSection
	GlobalSection(SolutionProperties) = preSolution
		HideSolutionNode = FALSE
	EndGlobalSection
	GlobalSection(ExtensibilityGlobals) = postSolution
		SolutionGuid = {610D54DB-3ECB-408E-8D2B-6D5EE9EDC8BF}
	EndGlobalSection
EndGlobal
