<?xml version="1.0" encoding="utf-8"?>
<Project ToolsVersion="4.0" xmlns="http://schemas.microsoft.com/developer/msbuild/2003">
  <ItemGroup>
    <Filter Include="Source Files">
      <UniqueIdentifier>{4FC737F1-C7A5-4376-A066-2A32D752A2FF}</UniqueIdentifier>
      <Extensions>cpp;c;cc;cxx;c++;cppm;ixx;def;odl;idl;hpj;bat;asm;asmx</Extensions>
    </Filter>
    <Filter Include="Header Files">
      <UniqueIdentifier>{93995380-89BD-4b04-88EB-625FBE52EBFB}</UniqueIdentifier>
      <Extensions>h;hh;hpp;hxx;h++;hm;inl;inc;ipp;xsd</Extensions>
    </Filter>
    <Filter Include="Resource Files">
      <UniqueIdentifier>{67DA6AB6-F800-4c08-8B7A-83BB121AAD01}</UniqueIdentifier>
      <Extensions>rc;ico;cur;bmp;dlg;rc2;rct;bin;rgs;gif;jpg;jpeg;jpe;resx;tiff;tif;png;wav;mfcribbon-ms</Extensions>
    </Filter>
    <Filter Include="Header Files\Mesh infrastructure">
      <UniqueIdentifier>{5326935d-bfdd-46c9-be5f-959686399c1b}</UniqueIdentifier>
    </Filter>
    <Filter Include="Source Files\Mesh infrastructure">
      <UniqueIdentifier>{156ac3e3-618a-4300-b0f5-ef9f60e9488d}</UniqueIdentifier>
    </Filter>
  </ItemGroup>
  <ItemGroup>
    <ClCompile Include="main.cpp">
      <Filter>Source Files</Filter>
    </ClCompile>
    <ClCompile Include="infrastructure\shaderClass.cpp">
      <Filter>Source Files</Filter>
    </ClCompile>
    <ClCompile Include="infrastructure\stb_image.cpp">
      <Filter>Source Files</Filter>
    </ClCompile>
    <ClCompile Include="infrastructure\Texture.cpp">
      <Filter>Source Files</Filter>
    </ClCompile>
    <ClCompile Include="infrastructure\BackendHolder.cpp">
      <Filter>Source Files</Filter>
    </ClCompile>
    <ClCompile Include="infrastructure\geometry.cpp">
      <Filter>Source Files</Filter>
    </ClCompile>
    <ClCompile Include="meshgen\IcosphereCreator.cpp">
      <Filter>Source Files</Filter>
    </ClCompile>
    <ClCompile Include="infrastructure\Camera.cpp">
      <Filter>Source Files</Filter>
    </ClCompile>
    <ClCompile Include="infrastructure\Mesh.cpp">
      <Filter>Source Files\Mesh infrastructure</Filter>
    </ClCompile>
    <ClCompile Include="infrastructure\VAO.cpp">
      <Filter>Source Files\Mesh infrastructure</Filter>
    </ClCompile>
    <ClCompile Include="infrastructure\VBO.cpp">
      <Filter>Source Files\Mesh infrastructure</Filter>
    </ClCompile>
    <ClCompile Include="infrastructure\EBO.cpp">
      <Filter>Source Files\Mesh infrastructure</Filter>
    </ClCompile>
    <ClCompile Include="meshgen\BasicPlanet.cpp">
      <Filter>Source Files</Filter>
    </ClCompile>
  </ItemGroup>
  <ItemGroup>
    <ClInclude Include="infrastructure\shaderClass.h">
      <Filter>Header Files</Filter>
    </ClInclude>
    <ClInclude Include="resources\geometry.h">
      <Filter>Header Files</Filter>
    </ClInclude>
    <ClInclude Include="infrastructure\stb_image.h">
      <Filter>Header Files</Filter>
    </ClInclude>
    <ClInclude Include="infrastructure\Texture.h">
      <Filter>Header Files</Filter>
    </ClInclude>
    <ClInclude Include="infrastructure\BackendHolder.h">
      <Filter>Header Files</Filter>
    </ClInclude>
    <ClInclude Include="meshgen\IcosphereCreator.h">
      <Filter>Header Files</Filter>
    </ClInclude>
    <ClInclude Include="infrastructure\Camera.h">
      <Filter>Header Files</Filter>
    </ClInclude>
    <ClInclude Include="infrastructure\datastructs.h">
      <Filter>Header Files</Filter>
    </ClInclude>
    <ClInclude Include="noisegen\PerlinNoise.hpp">
      <Filter>Header Files</Filter>
    </ClInclude>
    <ClInclude Include="infrastructure\Mesh.h">
      <Filter>Header Files\Mesh infrastructure</Filter>
    </ClInclude>
    <ClInclude Include="infrastructure\VAO.h">
      <Filter>Header Files\Mesh infrastructure</Filter>
    </ClInclude>
    <ClInclude Include="infrastructure\VBO.h">
      <Filter>Header Files\Mesh infrastructure</Filter>
    </ClInclude>
    <ClInclude Include="infrastructure\EBO.h">
      <Filter>Header Files\Mesh infrastructure</Filter>
    </ClInclude>
    <ClInclude Include="meshgen\BasicPlanet.h">
      <Filter>Header Files</Filter>
    </ClInclude>
  </ItemGroup>
  <ItemGroup>
    <None Include="shaders\default.frag">
      <Filter>Resource Files</Filter>
    </None>
    <None Include="shaders\default.vert">
      <Filter>Resource Files</Filter>
    </None>
  </ItemGroup>
</Project>